
Microsoft Visual Studio Solution File, Format Version 12.00
# Visual Studio Version 16
VisualStudioVersion = 16.0.32428.217
MinimumVisualStudioVersion = 10.0.40219.1
Project("{FAE04EC0-301F-11D3-BF4B-00C04F79EFBC}") = "PhoneBook", "PhoneBook\PhoneBook.csproj", "{21BA79E8-5AF6-4096-80C7-251A6E7E3FAB}"
EndProject
Global
	GlobalSection(SolutionConfigurationPlatforms) = preSolution
		Debug|Any CPU = Debug|Any CPU
		Release|Any CPU = Release|Any CPU
	EndGlobalSection
	GlobalSection(ProjectConfigurationPlatforms) = postSolution
		{21BA79E8-5AF6-4096-80C7-251A6E7E3FAB}.Debug|Any CPU.ActiveCfg = Debug|Any CPU
		{21BA79E8-5AF6-4096-80C7-251A6E7E3FAB}.Debug|Any CPU.Build.0 = Debug|Any CPU
		{21BA79E8-5AF6-4096-80C7-251A6E7E3FAB}.Release|Any CPU.ActiveCfg = Release|Any CPU
		{21BA79E8-5AF6-4096-80C7-251A6E7E3FAB}.Release|Any CPU.Build.0 = Release|Any CPU
	EndGlobalSection
	GlobalSection(SolutionProperties) = preSolution
		HideSolutionNode = FALSE
	EndGlobalSection
	GlobalSection(ExtensibilityGlobals) = postSolution
		SolutionGuid = {5BEE60F1-8B3D-4ED3-AA52-FC19055C278A}
	EndGlobalSection
EndGlobal
